
Microsoft Visual Studio Solution File, Format Version 12.00
# Visual Studio Version 16
VisualStudioVersion = 16.0.31105.61
MinimumVisualStudioVersion = 10.0.40219.1
Project("{FAE04EC0-301F-11D3-BF4B-00C04F79EFBC}") = "DatingAppAPI", "DatingAppAPI.csproj", "{8C5CCEBE-579D-4412-ACAF-282185C1CF34}"
EndProject
Global
	GlobalSection(SolutionConfigurationPlatforms) = preSolution
		Debug|Any CPU = Debug|Any CPU
		Release|Any CPU = Release|Any CPU
	EndGlobalSection
	GlobalSection(ProjectConfigurationPlatforms) = postSolution
		{8C5CCEBE-579D-4412-ACAF-282185C1CF34}.Debug|Any CPU.ActiveCfg = Debug|Any CPU
		{8C5CCEBE-579D-4412-ACAF-282185C1CF34}.Debug|Any CPU.Build.0 = Debug|Any CPU
		{8C5CCEBE-579D-4412-ACAF-282185C1CF34}.Release|Any CPU.ActiveCfg = Release|Any CPU
		{8C5CCEBE-579D-4412-ACAF-282185C1CF34}.Release|Any CPU.Build.0 = Release|Any CPU
	EndGlobalSection
	GlobalSection(SolutionProperties) = preSolution
		HideSolutionNode = FALSE
	EndGlobalSection
	GlobalSection(ExtensibilityGlobals) = postSolution
		SolutionGuid = {FEB21E9C-DF53-4421-80F3-F154E264E271}
	EndGlobalSection
EndGlobal
